
Microsoft Visual Studio Solution File, Format Version 12.00
# Visual Studio 15
VisualStudioVersion = 15.0.28010.2036
MinimumVisualStudioVersion = 10.0.40219.1
Project("{FAE04EC0-301F-11D3-BF4B-00C04F79EFBC}") = "AzureAuthentication", "AzureAuthentication\AzureAuthentication.csproj", "{E0D8EB62-F588-40D8-BA03-24DCECB1D467}"
EndProject
Global
	GlobalSection(SolutionConfigurationPlatforms) = preSolution
		Debug|Any CPU = Debug|Any CPU
		Release|Any CPU = Release|Any CPU
	EndGlobalSection
	GlobalSection(ProjectConfigurationPlatforms) = postSolution
		{E0D8EB62-F588-40D8-BA03-24DCECB1D467}.Debug|Any CPU.ActiveCfg = Debug|Any CPU
		{E0D8EB62-F588-40D8-BA03-24DCECB1D467}.Debug|Any CPU.Build.0 = Debug|Any CPU
		{E0D8EB62-F588-40D8-BA03-24DCECB1D467}.Release|Any CPU.ActiveCfg = Release|Any CPU
		{E0D8EB62-F588-40D8-BA03-24DCECB1D467}.Release|Any CPU.Build.0 = Release|Any CPU
	EndGlobalSection
	GlobalSection(SolutionProperties) = preSolution
		HideSolutionNode = FALSE
	EndGlobalSection
	GlobalSection(ExtensibilityGlobals) = postSolution
		SolutionGuid = {E000F776-127C-4814-9CA6-36B87CA71448}
	EndGlobalSection
EndGlobal
